
Microsoft Visual Studio Solution File, Format Version 12.00
# Visual Studio Version 16
VisualStudioVersion = 16.0.29418.71
MinimumVisualStudioVersion = 10.0.40219.1
Project("{FAE04EC0-301F-11D3-BF4B-00C04F79EFBC}") = "BlogCeyinSite", "BlogCeyinSite.csproj", "{58B229CE-B4E1-484D-9EBA-669F5155D4F5}"
EndProject
Global
	GlobalSection(SolutionConfigurationPlatforms) = preSolution
		Debug|Any CPU = Debug|Any CPU
		Release|Any CPU = Release|Any CPU
	EndGlobalSection
	GlobalSection(ProjectConfigurationPlatforms) = postSolution
		{58B229CE-B4E1-484D-9EBA-669F5155D4F5}.Debug|Any CPU.ActiveCfg = Debug|Any CPU
		{58B229CE-B4E1-484D-9EBA-669F5155D4F5}.Debug|Any CPU.Build.0 = Debug|Any CPU
		{58B229CE-B4E1-484D-9EBA-669F5155D4F5}.Release|Any CPU.ActiveCfg = Release|Any CPU
		{58B229CE-B4E1-484D-9EBA-669F5155D4F5}.Release|Any CPU.Build.0 = Release|Any CPU
	EndGlobalSection
	GlobalSection(SolutionProperties) = preSolution
		HideSolutionNode = FALSE
	EndGlobalSection
	GlobalSection(ExtensibilityGlobals) = postSolution
		SolutionGuid = {D4526789-FF7F-402E-8FAE-2EB0DE50555A}
	EndGlobalSection
EndGlobal
